
Microsoft Visual Studio Solution File, Format Version 12.00
# Visual Studio Version 16
VisualStudioVersion = 16.0.29230.47
MinimumVisualStudioVersion = 10.0.40219.1
Project("{8BC9CEB8-8B4A-11D0-8D11-00A0C91BC942}") = "In3", "In3\In3.vcxproj", "{D270F3D1-894C-4265-B8EC-9FD971BD7AEA}"
EndProject
Global
	GlobalSection(SolutionConfigurationPlatforms) = preSolution
		Debug|x64 = Debug|x64
		Debug|x86 = Debug|x86
		Release|x64 = Release|x64
		Release|x86 = Release|x86
	EndGlobalSection
	GlobalSection(ProjectConfigurationPlatforms) = postSolution
		{D270F3D1-894C-4265-B8EC-9FD971BD7AEA}.Debug|x64.ActiveCfg = Debug|x64
		{D270F3D1-894C-4265-B8EC-9FD971BD7AEA}.Debug|x64.Build.0 = Debug|x64
		{D270F3D1-894C-4265-B8EC-9FD971BD7AEA}.Debug|x86.ActiveCfg = Debug|Win32
		{D270F3D1-894C-4265-B8EC-9FD971BD7AEA}.Debug|x86.Build.0 = Debug|Win32
		{D270F3D1-894C-4265-B8EC-9FD971BD7AEA}.Release|x64.ActiveCfg = Release|x64
		{D270F3D1-894C-4265-B8EC-9FD971BD7AEA}.Release|x64.Build.0 = Release|x64
		{D270F3D1-894C-4265-B8EC-9FD971BD7AEA}.Release|x86.ActiveCfg = Release|Win32
		{D270F3D1-894C-4265-B8EC-9FD971BD7AEA}.Release|x86.Build.0 = Release|Win32
	EndGlobalSection
	GlobalSection(SolutionProperties) = preSolution
		HideSolutionNode = FALSE
	EndGlobalSection
	GlobalSection(ExtensibilityGlobals) = postSolution
		SolutionGuid = {74A79731-FF38-4D3D-A223-98A519560340}
	EndGlobalSection
EndGlobal
